# THIS IS AN AUTOGENERATED FILE. DO NOT EDIT THIS FILE DIRECTLY.
# yarn lockfile v1


"@carbon/icon-helpers@^10.7.0":
  version "10.7.0"
  resolved "https://registry.yarnpkg.com/@carbon/icon-helpers/-/icon-helpers-10.7.0.tgz#7ad56c3f377bfaa687ccca0b0813011606d6cb28"
  integrity sha512-zIswRvP4JyZOq7+4A4/ro7K05xVNid/+HxBOSM1ApuqcXg1e1Vl9fg37+rGY/in9v7vVgsmA8s5Arlx1mJzPIw==

"@carbon/icons-react@^10.10.1":
  version "10.10.1"
  resolved "https://registry.yarnpkg.com/@carbon/icons-react/-/icons-react-10.10.1.tgz#7129a0ef4595fba7732f176bf7ec7538595f1611"
  integrity sha512-SxkynQXWWatmomWiuQYSnOb5dE9zLQfMSv0VcRznPX3DptzO1xVlyAihojR7gM3tiubW/2AzhA56AVebYROYzQ==
  dependencies:
    "@carbon/icon-helpers" "^10.7.0"

"@carbon/import-once@^10.3.0":
  version "10.3.0"
  resolved "https://registry.yarnpkg.com/@carbon/import-once/-/import-once-10.3.0.tgz#58617da4efb6d7a11352d8e6b7209da1d39f364d"
  integrity sha512-PFk3FhMe3psihYtCg3JsyPHismqglnbUqIpz1DCG5Gn/kt0HdVKhGvHdEq7E305rGoBUCKzMn/4xoY9v9mcmlg==

"@carbon/layout@^10.12.0":
  version "10.12.0"
  resolved "https://registry.yarnpkg.com/@carbon/layout/-/layout-10.12.0.tgz#8f80c8d169a1c62669cb65470619b6c259e187a5"
  integrity sha512-qS6WHPqEyVl1AzAnG5awoxfYw8RbX4Pf5Y/Z46s5wTTxm/zzF7Ju/Ej3H2Xkjny1NL7PsF3xyh2CtiojLBrurg==

"@carbon/type@^10.13.0":
  version "10.13.0"
  resolved "https://registry.yarnpkg.com/@carbon/type/-/type-10.13.0.tgz#6248082de72a5fcd99dfb88aa1769e169178aa4d"
  integrity sha512-ZpMz5OjMWDC65MFyfcFbRPpKoT0eBaKPXGOiFyRBcNi2PRV5T95tAOMtTmuxIgEXzNjVkh1YTBlUbqhOLxLMxg==
  dependencies:
    "@carbon/import-once" "^10.3.0"
    "@carbon/layout" "^10.12.0"

"@framer/framer.default@^1.71.0":
  version "1.71.0"
  resolved "https://registry.framer.com/@framer/framer.default/-/@framer/framer.default-1.71.0.tgz#b9686541c57222025cfc7d582578c9fabe4419ee"
  integrity sha512-W0WKtDLtRUpVX9saVbwhCOv0nu6OGhQg7B5MWflXzsADLavhLkLjKWYgUCmICGE7xfqXdP5yeiMJJacXYgYlAA==
  dependencies:
    react-feather "^2.0.3"

"@types/prop-types@*":
  version "15.7.3"
  resolved "https://registry.yarnpkg.com/@types/prop-types/-/prop-types-15.7.3.tgz#2ab0d5da2e5815f94b0b9d4b95d1e5f243ab2ca7"
  integrity sha512-KfRL3PuHmqQLOG+2tGpRO26Ctg+Cq1E01D2DMriKEATHgWLfeNDmq9e29Q9WIky0dQ3NPkd1mzYH8Lm936Z9qw==

"@types/react@^16.8":
  version "16.9.34"
  resolved "https://registry.yarnpkg.com/@types/react/-/react-16.9.34.tgz#f7d5e331c468f53affed17a8a4d488cd44ea9349"
  integrity sha512-8AJlYMOfPe1KGLKyHpflCg5z46n0b5DbRfqDksxBLBTUpB75ypDBAO9eCUcjNwE6LCUslwTz00yyG/X9gaVtow==
  dependencies:
    "@types/prop-types" "*"
    csstype "^2.2.0"

carbon-components-react@^7.11.1:
  version "7.11.1"
  resolved "https://registry.yarnpkg.com/carbon-components-react/-/carbon-components-react-7.11.1.tgz#a6564849098c16df3a30e74c0bd0e78fb8035958"
  integrity sha512-BafINpDUPMn0ofkVSUzTm2osWMV9Wk8GLjCtvRN+HIqryPvo5OC5cC4aeSfLTK+Tv+oK1EBYEKSjYAInp3bCVA==
  dependencies:
    "@carbon/icons-react" "^10.10.1"
    classnames "2.2.6"
    downshift "^1.31.14"
    flatpickr "4.6.1"
    invariant "^2.2.3"
    lodash.debounce "^4.0.8"
    lodash.findlast "^4.5.0"
    lodash.isequal "^4.5.0"
    lodash.omit "^4.5.0"
    lodash.throttle "^4.1.1"
    react-is "^16.8.6"
    warning "^3.0.0"
    window-or-global "^1.0.1"

carbon-components@^10.11.1:
  version "10.11.1"
  resolved "https://registry.yarnpkg.com/carbon-components/-/carbon-components-10.11.1.tgz#b64b56391d522669f84cecd2d0c076999d9d2f30"
  integrity sha512-mYY999SmlDhvWRMI/m64FkT2gA3EnM/Lb/rwseaim9CHmEvRH4IDrI1VEtTIM9UnhUmF7wo2ykSifKfni6uwWQ==
  dependencies:
    flatpickr "4.6.1"
    lodash.debounce "^4.0.8"
    warning "^3.0.0"

carbon-icons@^7.0.7:
  version "7.0.7"
  resolved "https://registry.yarnpkg.com/carbon-icons/-/carbon-icons-7.0.7.tgz#ebafe3e9fa25df973796a8eca06d8a7c501cc610"
  integrity sha512-3vgkdXJRgCViCrH3fLUdyAXo0I8wmohO6QETv7vWFx6yc7s+SirWFBSFL38zUx4MHtR8iTxIlLEzkeU6FlFtXg==

classnames@2.2.6:
  version "2.2.6"
  resolved "https://registry.yarnpkg.com/classnames/-/classnames-2.2.6.tgz#43935bffdd291f326dad0a205309b38d00f650ce"
  integrity sha512-JR/iSQOSt+LQIWwrwEzJ9uk0xfN3mTVYMwt1Ir5mUcSN6pU+V4zQFFaJsclJbPuAUQH+yfWef6tm7l1quW3C8Q==

csstype@^2.2.0:
  version "2.6.10"
  resolved "https://registry.yarnpkg.com/csstype/-/csstype-2.6.10.tgz#e63af50e66d7c266edb6b32909cfd0aabe03928b"
  integrity sha512-D34BqZU4cIlMCY93rZHbrq9pjTAQJ3U8S8rfBqjwHxkGPThWFjzZDQpgMJY0QViLxth6ZKYiwFBo14RdN44U/w==

downshift@^1.31.14:
  version "1.31.16"
  resolved "https://registry.yarnpkg.com/downshift/-/downshift-1.31.16.tgz#acd81631539502d4112d01bd573654419fd9f640"
  integrity sha512-RskXmiGSoz0EHAyBrmTBGSLHg6+NYDGuLu2W3GpmuOe6hmZEWhCiQrq5g6DWzhnUaJD41xHbbfC6j1Fe86YqgA==

flatpickr@4.6.1:
  version "4.6.1"
  resolved "https://registry.yarnpkg.com/flatpickr/-/flatpickr-4.6.1.tgz#9eb498ab805dd27f5ae02e1ac6ac6c099ce45e94"
  integrity sha512-3ULSxbXmcMIRzer/2jLNweoqHpwDvsjEawO2FUd9UFR8uPwLM+LruZcPDpuZStcEgbQKhuFOfXo4nYdGladSNw==

invariant@^2.2.3:
  version "2.2.4"
  resolved "https://registry.yarnpkg.com/invariant/-/invariant-2.2.4.tgz#610f3c92c9359ce1db616e538008d23ff35158e6"
  integrity sha512-phJfQVBuaJM5raOpJjSfkiD6BpbCE4Ns//LaXl6wGYtUBY83nWS6Rf9tXm2e8VaK60JEjYldbPif/A2B1C2gNA==
  dependencies:
    loose-envify "^1.0.0"

"js-tokens@^3.0.0 || ^4.0.0":
  version "4.0.0"
  resolved "https://registry.yarnpkg.com/js-tokens/-/js-tokens-4.0.0.tgz#19203fb59991df98e3a287050d4647cdeaf32499"
  integrity sha512-RdJUflcE3cUzKiMqQgsCu06FPu9UdIJO0beYbPhHN4k6apgJtifcoCtT9bcxOpYBtpD2kCM6Sbzg4CausW/PKQ==

lodash.debounce@^4.0.8:
  version "4.0.8"
  resolved "https://registry.yarnpkg.com/lodash.debounce/-/lodash.debounce-4.0.8.tgz#82d79bff30a67c4005ffd5e2515300ad9ca4d7af"
  integrity sha1-gteb/zCmfEAF/9XiUVMArZyk168=

lodash.findlast@^4.5.0:
  version "4.6.0"
  resolved "https://registry.yarnpkg.com/lodash.findlast/-/lodash.findlast-4.6.0.tgz#ea8bb78cf2e7e7804fc8aeb7d1953e07fe31fbc8"
  integrity sha1-6ou3jPLn54BPyK630ZU+B/4x+8g=

lodash.isequal@^4.5.0:
  version "4.5.0"
  resolved "https://registry.yarnpkg.com/lodash.isequal/-/lodash.isequal-4.5.0.tgz#415c4478f2bcc30120c22ce10ed3226f7d3e18e0"
  integrity sha1-QVxEePK8wwEgwizhDtMib30+GOA=

lodash.omit@^4.5.0:
  version "4.5.0"
  resolved "https://registry.yarnpkg.com/lodash.omit/-/lodash.omit-4.5.0.tgz#6eb19ae5a1ee1dd9df0b969e66ce0b7fa30b5e60"
  integrity sha1-brGa5aHuHdnfC5aeZs4Lf6MLXmA=

lodash.throttle@^4.1.1:
  version "4.1.1"
  resolved "https://registry.yarnpkg.com/lodash.throttle/-/lodash.throttle-4.1.1.tgz#c23e91b710242ac70c37f1e1cda9274cc39bf2f4"
  integrity sha1-wj6RtxAkKscMN/HhzaknTMOb8vQ=

loose-envify@^1.0.0, loose-envify@^1.4.0:
  version "1.4.0"
  resolved "https://registry.yarnpkg.com/loose-envify/-/loose-envify-1.4.0.tgz#71ee51fa7be4caec1a63839f7e682d8132d30caf"
  integrity sha512-lyuxPGr/Wfhrlem2CL/UcnUc1zcqKAImBDzukY7Y5F/yQiNdko6+fRLevlw1HgMySw7f611UIY408EtxRSoK3Q==
  dependencies:
    js-tokens "^3.0.0 || ^4.0.0"

object-assign@^4.1.1:
  version "4.1.1"
  resolved "https://registry.yarnpkg.com/object-assign/-/object-assign-4.1.1.tgz#2109adc7965887cfc05cbbd442cac8bfbb360863"
  integrity sha1-IQmtx5ZYh8/AXLvUQsrIv7s2CGM=

prop-types@^15.7.2:
  version "15.7.2"
  resolved "https://registry.yarnpkg.com/prop-types/-/prop-types-15.7.2.tgz#52c41e75b8c87e72b9d9360e0206b99dcbffa6c5"
  integrity sha512-8QQikdH7//R2vurIJSutZ1smHYTcLpRWEOlHnzcWHmBYrOGUysKwSsrC89BCiFj3CbrfJ/nXFdJepOVrY1GCHQ==
  dependencies:
    loose-envify "^1.4.0"
    object-assign "^4.1.1"
    react-is "^16.8.1"

react-feather@^2.0.3:
  version "2.0.8"
  resolved "https://registry.yarnpkg.com/react-feather/-/react-feather-2.0.8.tgz#455baf1470f756a57e2ad6c72545444ce5925781"
  integrity sha512-J0dCEOvOxpovHeOVj3+8mAhN3/UERTfX6rSxnV6x4E+0s+STY536jhSjRfpSvTQA0SSFjYr4KrpPfdsLmK+zZg==
  dependencies:
    prop-types "^15.7.2"

react-is@^16.8.1, react-is@^16.8.6:
  version "16.13.1"
  resolved "https://registry.yarnpkg.com/react-is/-/react-is-16.13.1.tgz#789729a4dc36de2999dc156dd6c1d9c18cea56a4"
  integrity sha512-24e6ynE2H+OKt4kqsOvNd8kBpV65zoxbA4BVsEOB3ARVWQki/DHzaUoC5KuON/BiccDaCCTZBuOcfZs70kR8bQ==

warning@^3.0.0:
  version "3.0.0"
  resolved "https://registry.yarnpkg.com/warning/-/warning-3.0.0.tgz#32e5377cb572de4ab04753bdf8821c01ed605b7c"
  integrity sha1-MuU3fLVy3kqwR1O9+IIcAe1gW3w=
  dependencies:
    loose-envify "^1.0.0"

window-or-global@^1.0.1:
  version "1.0.1"
  resolved "https://registry.yarnpkg.com/window-or-global/-/window-or-global-1.0.1.tgz#dbe45ba2a291aabc56d62cf66c45b7fa322946de"
  integrity sha1-2+RboqKRqrxW1iz2bEW3+jIpRt4=
